{
  "platform": {
    "version": "0.9.0"
  },
  "entries": [
    {
      "name": "Osysharp.Mail",
      "kind": "package",
      "version": "0.9.0",
      "hash": "sha256:9d881411b8948aae3c06adeb2ebe9cd828d198e07bef0d5c002c83206ca6e013",
      "minPlatform": "0.9.0",
      "shadow": "app-forkable",
      "source": "workspace:kits/mail",
      "constraint": "0"
    },
    {
      "name": "Osysharp.Identity",
      "kind": "package",
      "version": "0.7.0",
      "hash": "sha256:a8f780ee024fb27a6c1f909feb86fec10c8a176788acd8546d1380a9243575bd",
      "minPlatform": "0.9.0",
      "shadow": "app-forkable",
      "source": "workspace:kits/identity",
      "constraint": "0"
    },
    {
      "name": "Osysharp.Workflow",
      "kind": "package",
      "version": "1.0.0",
      "hash": "sha256:c9b5bb60a8be44efc0030d73b0bd60bdab05926344a68fb4db29dc78ee94c2f8",
      "minPlatform": "0.9.0",
      "shadow": "app-forkable",
      "source": "workspace:Platform.Core/Dsl/OsySharp/Baseline/Capabilities/Workflow"
    },
    {
      "name": "Osysharp.Oauth",
      "kind": "package",
      "version": "1.0.0",
      "hash": "sha256:fd5563824db859a8f313637ed6a74f7bcf232b1c18df6f60ea6fd0cd2cad8f1c",
      "minPlatform": "0.9.0",
      "shadow": "app-forkable",
      "source": "workspace:Platform.Core/Dsl/OsySharp/Baseline/Capabilities/Oauth"
    },
    {
      "name": "Osysharp.Storage",
      "kind": "package",
      "version": "1.2.0",
      "hash": "sha256:0e45268f33acd5a0fe1dae3e886ab1d828824fc628f9a34efa81af746b0f57d0",
      "minPlatform": "0.9.0",
      "shadow": "app-forkable",
      "source": "workspace:Platform.Core/Dsl/OsySharp/Baseline/Capabilities/Storage"
    },
    {
      "name": "Osysharp.Ui",
      "kind": "package",
      "version": "2.18.0",
      "hash": "sha256:deccf5a06701c6af9cd880108de9426376c878130251be73adf1210cce94605b",
      "minPlatform": "0.9.0",
      "shadow": "app-forkable",
      "source": "workspace:Platform.Core/Dsl/OsySharp/Baseline/Capabilities/Ui"
    }
  ]
}